{
  "name": "TrelloESL",
  "requires": true,
  "lockfileVersion": 1,
  "dependencies": {
    "vue-select": {
      "version": "2.5.1",
      "resolved": "https://registry.npmjs.org/vue-select/-/vue-select-2.5.1.tgz",
      "integrity": "sha512-Hs+arh7+0gLJoYiM3r9V/5CRn5XsAT8tVkouTkpDAWb923KFgraWrKDLSqz3ROedZUkuVIwkFuYq8+baHUf+bg=="
    }
  }
}
