{
  "name": "TrelloESL",
  "requires": true,
  "lockfileVersion": 1,
  "dependencies": {
    "vue-draggable": {
      "version": "1.0.6",
      "resolved": "https://registry.npmjs.org/vue-draggable/-/vue-draggable-1.0.6.tgz",
      "integrity": "sha512-4kldiVyAuJQaCMOIpbVXsxsF6YeiA9X5wce1tMXm/Y8jmQNS1CZ9PD5KEPvVDHnexBj2fYw+kRqqu9O+weBMwA=="
    },
    "vue-select": {
      "version": "2.5.1",
      "resolved": "https://registry.npmjs.org/vue-select/-/vue-select-2.5.1.tgz",
      "integrity": "sha512-Hs+arh7+0gLJoYiM3r9V/5CRn5XsAT8tVkouTkpDAWb923KFgraWrKDLSqz3ROedZUkuVIwkFuYq8+baHUf+bg=="
    }
  }
}
